{
  "nodes": {
    "nixpkgs": {
      "locked": {
        "lastModified": 1773646010,
        "narHash": "sha256-iYrs97hS7p5u4lQzuNWzuALGIOdkPXvjz7bviiBjUu8=",
        "rev": "5b2c2d84341b2afb5647081c1386a80d7a8d8605",
        "revCount": 963917,
        "type": "tarball",
        "url": "https://api.flakehub.com/f/pinned/NixOS/nixpkgs/0.1.963917%2Brev-5b2c2d84341b2afb5647081c1386a80d7a8d8605/019cf724-14a9-7980-aa71-8827def8078d/source.tar.gz"
      },
      "original": {
        "type": "tarball",
        "url": "https://flakehub.com/f/NixOS/nixpkgs/0.1"
      }
    },
    "root": {
      "inputs": {
        "nixpkgs": "nixpkgs"
      }
    }
  },
  "root": "root",
  "version": 7
}
